
Microsoft Visual Studio Solution File, Format Version 12.00
# Visual Studio Version 17
VisualStudioVersion = 17.3.32825.248
MinimumVisualStudioVersion = 10.0.40219.1
Project("{9A19103F-16F7-4668-BE54-9A1E7A4F7556}") = "Ejemplo3.1", "Ejemposdel3al4\Ejemplo3.1.csproj", "{36ADE075-7F2D-4910-9B42-136A1895F2EC}"
EndProject
Project("{FAE04EC0-301F-11D3-BF4B-00C04F79EFBC}") = "ejemplo3.2", "ejemplo32\ejemplo3.2.csproj", "{E4A137D1-F792-466B-AA16-D8D803F509CF}"
EndProject
Project("{FAE04EC0-301F-11D3-BF4B-00C04F79EFBC}") = "ejemplo3.3", "ejemplo3.3\ejemplo3.3.csproj", "{FA7F47D3-06EA-4B68-90BE-9BE1D5AEF6DA}"
EndProject
Project("{FAE04EC0-301F-11D3-BF4B-00C04F79EFBC}") = "ejemplo3.4", "ejemplo3.4\ejemplo3.4.csproj", "{A1AC35CF-2649-4060-9534-EBD081F4DE9D}"
EndProject
Project("{FAE04EC0-301F-11D3-BF4B-00C04F79EFBC}") = "ejemplo3.5", "ejemplo3.5\ejemplo3.5.csproj", "{C21C48C8-05C5-4681-ACEC-F5286EB585DC}"
EndProject
Project("{FAE04EC0-301F-11D3-BF4B-00C04F79EFBC}") = "ejemplo3.6", "ejemplo3.6\ejemplo3.6.csproj", "{590D28F4-F151-4DF9-B4A6-F24B7E7E943C}"
EndProject
Project("{FAE04EC0-301F-11D3-BF4B-00C04F79EFBC}") = "ejemplo3.7", "ejemplo3.7\ejemplo3.7.csproj", "{B52F3016-0471-4982-809D-5312DAA97C4C}"
EndProject
Project("{FAE04EC0-301F-11D3-BF4B-00C04F79EFBC}") = "ejemplo3.9", "ejemplo3.9\ejemplo3.9.csproj", "{9E37EC4C-7CA0-45CB-91E9-5FFD5A5799BB}"
EndProject
Project("{FAE04EC0-301F-11D3-BF4B-00C04F79EFBC}") = "ejemplo312", "ejemplo312\ejemplo312.csproj", "{DA67BA40-B88D-42B8-963D-EA5FC71A9A9D}"
EndProject
Project("{FAE04EC0-301F-11D3-BF4B-00C04F79EFBC}") = "ejemplo4.1", "ejemplo4.1\ejemplo4.1.csproj", "{64EC7873-BAB3-4E43-83CF-AD9F3DC97937}"
EndProject
Project("{FAE04EC0-301F-11D3-BF4B-00C04F79EFBC}") = "ejemplo4.4", "ejemplo44\ejemplo4.4.csproj", "{8BED62FF-83FB-4944-8A11-3B2550FCE470}"
EndProject
Project("{FAE04EC0-301F-11D3-BF4B-00C04F79EFBC}") = "ejemplo4.5", "ejemplo4.5\ejemplo4.5.csproj", "{120CB890-7F0D-4DC6-ABEF-577D661DE174}"
EndProject
Project("{FAE04EC0-301F-11D3-BF4B-00C04F79EFBC}") = "ejemplo4.6", "ejemplo4.6\ejemplo4.6.csproj", "{2691C0B5-EA0A-4E0E-A6E9-205B646AB56F}"
EndProject
Global
	GlobalSection(SolutionConfigurationPlatforms) = preSolution
		Debug|Any CPU = Debug|Any CPU
		Release|Any CPU = Release|Any CPU
	EndGlobalSection
	GlobalSection(ProjectConfigurationPlatforms) = postSolution
		{36ADE075-7F2D-4910-9B42-136A1895F2EC}.Debug|Any CPU.ActiveCfg = Debug|Any CPU
		{36ADE075-7F2D-4910-9B42-136A1895F2EC}.Debug|Any CPU.Build.0 = Debug|Any CPU
		{36ADE075-7F2D-4910-9B42-136A1895F2EC}.Release|Any CPU.ActiveCfg = Release|Any CPU
		{36ADE075-7F2D-4910-9B42-136A1895F2EC}.Release|Any CPU.Build.0 = Release|Any CPU
		{E4A137D1-F792-466B-AA16-D8D803F509CF}.Debug|Any CPU.ActiveCfg = Debug|Any CPU
		{E4A137D1-F792-466B-AA16-D8D803F509CF}.Debug|Any CPU.Build.0 = Debug|Any CPU
		{E4A137D1-F792-466B-AA16-D8D803F509CF}.Release|Any CPU.ActiveCfg = Release|Any CPU
		{E4A137D1-F792-466B-AA16-D8D803F509CF}.Release|Any CPU.Build.0 = Release|Any CPU
		{FA7F47D3-06EA-4B68-90BE-9BE1D5AEF6DA}.Debug|Any CPU.ActiveCfg = Debug|Any CPU
		{FA7F47D3-06EA-4B68-90BE-9BE1D5AEF6DA}.Debug|Any CPU.Build.0 = Debug|Any CPU
		{FA7F47D3-06EA-4B68-90BE-9BE1D5AEF6DA}.Release|Any CPU.ActiveCfg = Release|Any CPU
		{FA7F47D3-06EA-4B68-90BE-9BE1D5AEF6DA}.Release|Any CPU.Build.0 = Release|Any CPU
		{A1AC35CF-2649-4060-9534-EBD081F4DE9D}.Debug|Any CPU.ActiveCfg = Debug|Any CPU
		{A1AC35CF-2649-4060-9534-EBD081F4DE9D}.Debug|Any CPU.Build.0 = Debug|Any CPU
		{A1AC35CF-2649-4060-9534-EBD081F4DE9D}.Release|Any CPU.ActiveCfg = Release|Any CPU
		{A1AC35CF-2649-4060-9534-EBD081F4DE9D}.Release|Any CPU.Build.0 = Release|Any CPU
		{C21C48C8-05C5-4681-ACEC-F5286EB585DC}.Debug|Any CPU.ActiveCfg = Debug|Any CPU
		{C21C48C8-05C5-4681-ACEC-F5286EB585DC}.Debug|Any CPU.Build.0 = Debug|Any CPU
		{C21C48C8-05C5-4681-ACEC-F5286EB585DC}.Release|Any CPU.ActiveCfg = Release|Any CPU
		{C21C48C8-05C5-4681-ACEC-F5286EB585DC}.Release|Any CPU.Build.0 = Release|Any CPU
		{590D28F4-F151-4DF9-B4A6-F24B7E7E943C}.Debug|Any CPU.ActiveCfg = Debug|Any CPU
		{590D28F4-F151-4DF9-B4A6-F24B7E7E943C}.Debug|Any CPU.Build.0 = Debug|Any CPU
		{590D28F4-F151-4DF9-B4A6-F24B7E7E943C}.Release|Any CPU.ActiveCfg = Release|Any CPU
		{590D28F4-F151-4DF9-B4A6-F24B7E7E943C}.Release|Any CPU.Build.0 = Release|Any CPU
		{B52F3016-0471-4982-809D-5312DAA97C4C}.Debug|Any CPU.ActiveCfg = Debug|Any CPU
		{B52F3016-0471-4982-809D-5312DAA97C4C}.Debug|Any CPU.Build.0 = Debug|Any CPU
		{B52F3016-0471-4982-809D-5312DAA97C4C}.Release|Any CPU.ActiveCfg = Release|Any CPU
		{B52F3016-0471-4982-809D-5312DAA97C4C}.Release|Any CPU.Build.0 = Release|Any CPU
		{9E37EC4C-7CA0-45CB-91E9-5FFD5A5799BB}.Debug|Any CPU.ActiveCfg = Debug|Any CPU
		{9E37EC4C-7CA0-45CB-91E9-5FFD5A5799BB}.Debug|Any CPU.Build.0 = Debug|Any CPU
		{9E37EC4C-7CA0-45CB-91E9-5FFD5A5799BB}.Release|Any CPU.ActiveCfg = Release|Any CPU
		{9E37EC4C-7CA0-45CB-91E9-5FFD5A5799BB}.Release|Any CPU.Build.0 = Release|Any CPU
		{DA67BA40-B88D-42B8-963D-EA5FC71A9A9D}.Debug|Any CPU.ActiveCfg = Debug|Any CPU
		{DA67BA40-B88D-42B8-963D-EA5FC71A9A9D}.Debug|Any CPU.Build.0 = Debug|Any CPU
		{DA67BA40-B88D-42B8-963D-EA5FC71A9A9D}.Release|Any CPU.ActiveCfg = Release|Any CPU
		{DA67BA40-B88D-42B8-963D-EA5FC71A9A9D}.Release|Any CPU.Build.0 = Release|Any CPU
		{64EC7873-BAB3-4E43-83CF-AD9F3DC97937}.Debug|Any CPU.ActiveCfg = Debug|Any CPU
		{64EC7873-BAB3-4E43-83CF-AD9F3DC97937}.Debug|Any CPU.Build.0 = Debug|Any CPU
		{64EC7873-BAB3-4E43-83CF-AD9F3DC97937}.Release|Any CPU.ActiveCfg = Release|Any CPU
		{64EC7873-BAB3-4E43-83CF-AD9F3DC97937}.Release|Any CPU.Build.0 = Release|Any CPU
		{8BED62FF-83FB-4944-8A11-3B2550FCE470}.Debug|Any CPU.ActiveCfg = Debug|Any CPU
		{8BED62FF-83FB-4944-8A11-3B2550FCE470}.Debug|Any CPU.Build.0 = Debug|Any CPU
		{8BED62FF-83FB-4944-8A11-3B2550FCE470}.Release|Any CPU.ActiveCfg = Release|Any CPU
		{8BED62FF-83FB-4944-8A11-3B2550FCE470}.Release|Any CPU.Build.0 = Release|Any CPU
		{120CB890-7F0D-4DC6-ABEF-577D661DE174}.Debug|Any CPU.ActiveCfg = Debug|Any CPU
		{120CB890-7F0D-4DC6-ABEF-577D661DE174}.Debug|Any CPU.Build.0 = Debug|Any CPU
		{120CB890-7F0D-4DC6-ABEF-577D661DE174}.Release|Any CPU.ActiveCfg = Release|Any CPU
		{120CB890-7F0D-4DC6-ABEF-577D661DE174}.Release|Any CPU.Build.0 = Release|Any CPU
		{2691C0B5-EA0A-4E0E-A6E9-205B646AB56F}.Debug|Any CPU.ActiveCfg = Debug|Any CPU
		{2691C0B5-EA0A-4E0E-A6E9-205B646AB56F}.Debug|Any CPU.Build.0 = Debug|Any CPU
		{2691C0B5-EA0A-4E0E-A6E9-205B646AB56F}.Release|Any CPU.ActiveCfg = Release|Any CPU
		{2691C0B5-EA0A-4E0E-A6E9-205B646AB56F}.Release|Any CPU.Build.0 = Release|Any CPU
	EndGlobalSection
	GlobalSection(SolutionProperties) = preSolution
		HideSolutionNode = FALSE
	EndGlobalSection
	GlobalSection(ExtensibilityGlobals) = postSolution
		SolutionGuid = {372DBB65-0180-4426-A161-6157B40A2A9D}
	EndGlobalSection
EndGlobal
